
Microsoft Visual Studio Solution File, Format Version 12.00
# Visual Studio Version 17
VisualStudioVersion = 17.0.31903.59
MinimumVisualStudioVersion = 10.0.40219.1
Project("{FAE04EC0-301F-11D3-BF4B-00C04F79EFBC}") = "API", "API\API.csproj", "{78F7DE9F-61A5-458F-AE52-C4D4FE385E1E}"
EndProject
Project("{FAE04EC0-301F-11D3-BF4B-00C04F79EFBC}") = "Application", "Application\Application.csproj", "{DCFD02E9-6F1F-4951-A887-EE052DB49D7B}"
EndProject
Project("{FAE04EC0-301F-11D3-BF4B-00C04F79EFBC}") = "Domain", "Domain\Domain.csproj", "{77283E91-221D-45DB-B680-59E40B8B6025}"
EndProject
Project("{FAE04EC0-301F-11D3-BF4B-00C04F79EFBC}") = "Persistence", "Persistence\Persistence.csproj", "{85FABBB1-356A-4E58-81AE-46466AC281B2}"
EndProject
Global
	GlobalSection(SolutionConfigurationPlatforms) = preSolution
		Debug|Any CPU = Debug|Any CPU
		Release|Any CPU = Release|Any CPU
	EndGlobalSection
	GlobalSection(SolutionProperties) = preSolution
		HideSolutionNode = FALSE
	EndGlobalSection
	GlobalSection(ProjectConfigurationPlatforms) = postSolution
		{78F7DE9F-61A5-458F-AE52-C4D4FE385E1E}.Debug|Any CPU.ActiveCfg = Debug|Any CPU
		{78F7DE9F-61A5-458F-AE52-C4D4FE385E1E}.Debug|Any CPU.Build.0 = Debug|Any CPU
		{78F7DE9F-61A5-458F-AE52-C4D4FE385E1E}.Release|Any CPU.ActiveCfg = Release|Any CPU
		{78F7DE9F-61A5-458F-AE52-C4D4FE385E1E}.Release|Any CPU.Build.0 = Release|Any CPU
		{DCFD02E9-6F1F-4951-A887-EE052DB49D7B}.Debug|Any CPU.ActiveCfg = Debug|Any CPU
		{DCFD02E9-6F1F-4951-A887-EE052DB49D7B}.Debug|Any CPU.Build.0 = Debug|Any CPU
		{DCFD02E9-6F1F-4951-A887-EE052DB49D7B}.Release|Any CPU.ActiveCfg = Release|Any CPU
		{DCFD02E9-6F1F-4951-A887-EE052DB49D7B}.Release|Any CPU.Build.0 = Release|Any CPU
		{77283E91-221D-45DB-B680-59E40B8B6025}.Debug|Any CPU.ActiveCfg = Debug|Any CPU
		{77283E91-221D-45DB-B680-59E40B8B6025}.Debug|Any CPU.Build.0 = Debug|Any CPU
		{77283E91-221D-45DB-B680-59E40B8B6025}.Release|Any CPU.ActiveCfg = Release|Any CPU
		{77283E91-221D-45DB-B680-59E40B8B6025}.Release|Any CPU.Build.0 = Release|Any CPU
		{85FABBB1-356A-4E58-81AE-46466AC281B2}.Debug|Any CPU.ActiveCfg = Debug|Any CPU
		{85FABBB1-356A-4E58-81AE-46466AC281B2}.Debug|Any CPU.Build.0 = Debug|Any CPU
		{85FABBB1-356A-4E58-81AE-46466AC281B2}.Release|Any CPU.ActiveCfg = Release|Any CPU
		{85FABBB1-356A-4E58-81AE-46466AC281B2}.Release|Any CPU.Build.0 = Release|Any CPU
	EndGlobalSection
EndGlobal
